
Microsoft Visual Studio Solution File, Format Version 12.00
# Visual Studio Version 16
VisualStudioVersion = 16.0.32106.194
MinimumVisualStudioVersion = 10.0.40219.1
Project("{FAE04EC0-301F-11D3-BF4B-00C04F79EFBC}") = "Snake", "Snake\Snake.csproj", "{878B08DC-6155-4E0E-8F30-768791949CF4}"
EndProject
Global
	GlobalSection(SolutionConfigurationPlatforms) = preSolution
		Debug|Any CPU = Debug|Any CPU
		Release|Any CPU = Release|Any CPU
	EndGlobalSection
	GlobalSection(ProjectConfigurationPlatforms) = postSolution
		{878B08DC-6155-4E0E-8F30-768791949CF4}.Debug|Any CPU.ActiveCfg = Debug|Any CPU
		{878B08DC-6155-4E0E-8F30-768791949CF4}.Debug|Any CPU.Build.0 = Debug|Any CPU
		{878B08DC-6155-4E0E-8F30-768791949CF4}.Release|Any CPU.ActiveCfg = Release|Any CPU
		{878B08DC-6155-4E0E-8F30-768791949CF4}.Release|Any CPU.Build.0 = Release|Any CPU
	EndGlobalSection
	GlobalSection(SolutionProperties) = preSolution
		HideSolutionNode = FALSE
	EndGlobalSection
	GlobalSection(ExtensibilityGlobals) = postSolution
		SolutionGuid = {E6AD42A4-CB23-4A5F-A6B6-5D46F6D5DDB7}
	EndGlobalSection
EndGlobal
